# This is a Gradle generated file for dependency locking.
# Manual edits can break the build and are not advised.
# This file is expected to be part of source control.
# To regenerate this file, run: ./gradlew :entity:dependencies --write-locks
androidx.annotation:annotation-experimental:1.5.0=releaseRuntimeClasspath
androidx.annotation:annotation-jvm:1.9.1=releaseRuntimeClasspath
androidx.annotation:annotation:1.9.1=releaseRuntimeClasspath
androidx.arch.core:core-common:2.2.0=releaseRuntimeClasspath
androidx.arch.core:core-runtime:2.2.0=releaseRuntimeClasspath
androidx.collection:collection-jvm:1.5.0=releaseRuntimeClasspath
androidx.collection:collection:1.5.0=releaseRuntimeClasspath
androidx.room:room-common-jvm:2.8.4=releaseRuntimeClasspath
androidx.room:room-common:2.8.4=releaseRuntimeClasspath
androidx.room:room-ktx:2.8.4=releaseRuntimeClasspath
androidx.room:room-runtime-android:2.8.4=releaseRuntimeClasspath
androidx.room:room-runtime:2.8.4=releaseRuntimeClasspath
androidx.sqlite:sqlite-android:2.6.2=releaseRuntimeClasspath
androidx.sqlite:sqlite-framework-android:2.6.2=releaseRuntimeClasspath
androidx.sqlite:sqlite-framework:2.6.2=releaseRuntimeClasspath
androidx.sqlite:sqlite:2.6.2=releaseRuntimeClasspath
com.google.code.gson:gson:2.14.0=releaseRuntimeClasspath
com.google.errorprone:error_prone_annotations:2.48.0=releaseRuntimeClasspath
com.jakewharton.timber:timber:5.0.1=releaseRuntimeClasspath
org.jetbrains.kotlin:kotlin-stdlib:2.4.0=releaseRuntimeClasspath
org.jetbrains.kotlinx:kotlinx-coroutines-android:1.11.0=releaseRuntimeClasspath
org.jetbrains.kotlinx:kotlinx-coroutines-bom:1.11.0=releaseRuntimeClasspath
org.jetbrains.kotlinx:kotlinx-coroutines-core-jvm:1.11.0=releaseRuntimeClasspath
org.jetbrains.kotlinx:kotlinx-coroutines-core:1.11.0=releaseRuntimeClasspath
org.jetbrains:annotations:23.0.0=releaseRuntimeClasspath
org.jspecify:jspecify:1.0.0=releaseRuntimeClasspath
empty=
